{
  "name": "tengen-qubic-contracts",
  "version": "1.0.0",
  "lockfileVersion": 3,
  "requires": true,
  "packages": {
    "": {
      "name": "tengen-qubic-contracts",
      "version": "1.0.0",
      "license": "MIT",
      "dependencies": {
        "@qubic-lib/qubic-ts-library": "^0.1.6",
        "dotenv": "^16.6.1"
      }
    },
    "node_modules/@qubic-lib/qubic-ts-library": {
      "version": "0.1.6",
      "resolved": "https://registry.npmjs.org/@qubic-lib/qubic-ts-library/-/qubic-ts-library-0.1.6.tgz",
      "integrity": "sha512-VbiJxFgmOpSKCgJkvPbUUFG/d8wcOYnh9pci1MXhINvUTD9i9twBKZv2SRc3v0fOTiasvaBeiz3HtUSy0oJfEA==",
      "license": "Qubic's Anti Military License",
      "dependencies": {
        "bignumber.js": "^9.1.2",
        "net": "^1.0.2"
      }
    },
    "node_modules/bignumber.js": {
      "version": "9.3.1",
      "resolved": "https://registry.npmjs.org/bignumber.js/-/bignumber.js-9.3.1.tgz",
      "integrity": "sha512-Ko0uX15oIUS7wJ3Rb30Fs6SkVbLmPBAKdlm7q9+ak9bbIeFf0MwuBsQV6z7+X768/cHsfg+WlysDWJcmthjsjQ==",
      "license": "MIT",
      "engines": {
        "node": "*"
      }
    },
    "node_modules/dotenv": {
      "version": "16.6.1",
      "resolved": "https://registry.npmjs.org/dotenv/-/dotenv-16.6.1.tgz",
      "integrity": "sha512-uBq4egWHTcTt33a72vpSG0z3HnPuIl6NqYcTrKEg2azoEyl2hpW0zqlxysq2pK9HlDIHyHyakeYaYnSAwd8bow==",
      "license": "BSD-2-Clause",
      "engines": {
        "node": ">=12"
      },
      "funding": {
        "url": "https://dotenvx.com"
      }
    },
    "node_modules/net": {
      "version": "1.0.2",
      "resolved": "https://registry.npmjs.org/net/-/net-1.0.2.tgz",
      "integrity": "sha512-kbhcj2SVVR4caaVnGLJKmlk2+f+oLkjqdKeQlmUtz6nGzOpbcobwVIeSURNgraV/v3tlmGIX82OcPCl0K6RbHQ==",
      "license": "MIT"
    }
  }
}
